
Microsoft Visual Studio Solution File, Format Version 12.00
# Visual Studio Version 17
VisualStudioVersion = 17.14.36221.1
MinimumVisualStudioVersion = 10.0.40219.1
Project("{FAE04EC0-301F-11D3-BF4B-00C04F79EFBC}") = "WZHDotNetTrainingBatch2.ConsoleApp", "WZHDotNetTrainingBatch2.ConsoleApp\WZHDotNetTrainingBatch2.ConsoleApp.csproj", "{FC9F7F5D-256C-4777-9834-CB87D2EE5C0A}"
EndProject
Project("{FAE04EC0-301F-11D3-BF4B-00C04F79EFBC}") = "WZHDotNetTrainingBatch2.Database", "WZHDotNetTrainingBatch2.Database\WZHDotNetTrainingBatch2.Database.csproj", "{B7A728EC-E80E-436A-9569-5F1847F6A844}"
EndProject
Project("{2150E333-8FDC-42A3-9474-1A3956D46DE8}") = "Project", "Project", "{02EA681E-C7D8-13C7-8484-4AC65E1B71E8}"
EndProject
Project("{2150E333-8FDC-42A3-9474-1A3956D46DE8}") = "Mini Pos Project", "Mini Pos Project", "{DB6782F6-DC06-4162-B2FC-E17F5A4FF280}"
EndProject
Project("{2150E333-8FDC-42A3-9474-1A3956D46DE8}") = "Solution Items", "Solution Items", "{8EC462FD-D22E-90A8-E5CE-7E832BA40C5D}"
	ProjectSection(SolutionItems) = preProject
		READE.md = READE.md
	EndProjectSection
EndProject
Project("{FAE04EC0-301F-11D3-BF4B-00C04F79EFBC}") = "WZHDotNetTrainingBatch2.MiniPos.ConsoleApp", "WZHDotNetTrainingBatch2.MiniPos.ConsoleApp\WZHDotNetTrainingBatch2.MiniPos.ConsoleApp.csproj", "{3BC8A5B4-6E44-42AA-973C-4AA8C0D0A95B}"
EndProject
Project("{FAE04EC0-301F-11D3-BF4B-00C04F79EFBC}") = "WZHDotNetTrainingBatch2.MiniPos.DataBase", "WZHDotNetTrainingBatch2.MiniPos.DataBase\WZHDotNetTrainingBatch2.MiniPos.DataBase.csproj", "{EDB779AC-551E-434A-9B89-14D6800FA18B}"
EndProject
Project("{FAE04EC0-301F-11D3-BF4B-00C04F79EFBC}") = "WZHDotNetTrainingBatch2.MiniPos.Domain", "WZHDotNetTrainingBatch2.Domain\WZHDotNetTrainingBatch2.MiniPos.Domain.csproj", "{1DB9C081-1F2A-4A66-99E1-7BA90FE9F27B}"
EndProject
Project("{2150E333-8FDC-42A3-9474-1A3956D46DE8}") = "WindowFormProject", "WindowFormProject", "{761D15F1-38C4-41E2-AA52-DD6DC86DE3CE}"
EndProject
Project("{FAE04EC0-301F-11D3-BF4B-00C04F79EFBC}") = "WZHDotNetTrainingBatch2.WinFormsApp1", "WZHDotNetTrainingBatch2WinFormsApp1\WZHDotNetTrainingBatch2.WinFormsApp1.csproj", "{15691482-0FF3-44B0-934E-3A3141D65E5E}"
EndProject
Project("{FAE04EC0-301F-11D3-BF4B-00C04F79EFBC}") = "WZHDotNetTrainingBatch2.WinFormsApp1.Database", "WZHDotNetTrainingBatch2.WinFormsApp1.Database\WZHDotNetTrainingBatch2.WinFormsApp1.Database.csproj", "{D6E01D9F-43E6-4EE2-9BC3-6BD6380FF672}"
EndProject
Global
	GlobalSection(SolutionConfigurationPlatforms) = preSolution
		Debug|Any CPU = Debug|Any CPU
		Release|Any CPU = Release|Any CPU
	EndGlobalSection
	GlobalSection(ProjectConfigurationPlatforms) = postSolution
		{FC9F7F5D-256C-4777-9834-CB87D2EE5C0A}.Debug|Any CPU.ActiveCfg = Debug|Any CPU
		{FC9F7F5D-256C-4777-9834-CB87D2EE5C0A}.Debug|Any CPU.Build.0 = Debug|Any CPU
		{FC9F7F5D-256C-4777-9834-CB87D2EE5C0A}.Release|Any CPU.ActiveCfg = Release|Any CPU
		{FC9F7F5D-256C-4777-9834-CB87D2EE5C0A}.Release|Any CPU.Build.0 = Release|Any CPU
		{B7A728EC-E80E-436A-9569-5F1847F6A844}.Debug|Any CPU.ActiveCfg = Debug|Any CPU
		{B7A728EC-E80E-436A-9569-5F1847F6A844}.Debug|Any CPU.Build.0 = Debug|Any CPU
		{B7A728EC-E80E-436A-9569-5F1847F6A844}.Release|Any CPU.ActiveCfg = Release|Any CPU
		{B7A728EC-E80E-436A-9569-5F1847F6A844}.Release|Any CPU.Build.0 = Release|Any CPU
		{3BC8A5B4-6E44-42AA-973C-4AA8C0D0A95B}.Debug|Any CPU.ActiveCfg = Debug|Any CPU
		{3BC8A5B4-6E44-42AA-973C-4AA8C0D0A95B}.Debug|Any CPU.Build.0 = Debug|Any CPU
		{3BC8A5B4-6E44-42AA-973C-4AA8C0D0A95B}.Release|Any CPU.ActiveCfg = Release|Any CPU
		{3BC8A5B4-6E44-42AA-973C-4AA8C0D0A95B}.Release|Any CPU.Build.0 = Release|Any CPU
		{EDB779AC-551E-434A-9B89-14D6800FA18B}.Debug|Any CPU.ActiveCfg = Debug|Any CPU
		{EDB779AC-551E-434A-9B89-14D6800FA18B}.Debug|Any CPU.Build.0 = Debug|Any CPU
		{EDB779AC-551E-434A-9B89-14D6800FA18B}.Release|Any CPU.ActiveCfg = Release|Any CPU
		{EDB779AC-551E-434A-9B89-14D6800FA18B}.Release|Any CPU.Build.0 = Release|Any CPU
		{1DB9C081-1F2A-4A66-99E1-7BA90FE9F27B}.Debug|Any CPU.ActiveCfg = Debug|Any CPU
		{1DB9C081-1F2A-4A66-99E1-7BA90FE9F27B}.Debug|Any CPU.Build.0 = Debug|Any CPU
		{1DB9C081-1F2A-4A66-99E1-7BA90FE9F27B}.Release|Any CPU.ActiveCfg = Release|Any CPU
		{1DB9C081-1F2A-4A66-99E1-7BA90FE9F27B}.Release|Any CPU.Build.0 = Release|Any CPU
		{15691482-0FF3-44B0-934E-3A3141D65E5E}.Debug|Any CPU.ActiveCfg = Debug|Any CPU
		{15691482-0FF3-44B0-934E-3A3141D65E5E}.Debug|Any CPU.Build.0 = Debug|Any CPU
		{15691482-0FF3-44B0-934E-3A3141D65E5E}.Release|Any CPU.ActiveCfg = Release|Any CPU
		{15691482-0FF3-44B0-934E-3A3141D65E5E}.Release|Any CPU.Build.0 = Release|Any CPU
		{D6E01D9F-43E6-4EE2-9BC3-6BD6380FF672}.Debug|Any CPU.ActiveCfg = Debug|Any CPU
		{D6E01D9F-43E6-4EE2-9BC3-6BD6380FF672}.Debug|Any CPU.Build.0 = Debug|Any CPU
		{D6E01D9F-43E6-4EE2-9BC3-6BD6380FF672}.Release|Any CPU.ActiveCfg = Release|Any CPU
		{D6E01D9F-43E6-4EE2-9BC3-6BD6380FF672}.Release|Any CPU.Build.0 = Release|Any CPU
	EndGlobalSection
	GlobalSection(SolutionProperties) = preSolution
		HideSolutionNode = FALSE
	EndGlobalSection
	GlobalSection(NestedProjects) = preSolution
		{FC9F7F5D-256C-4777-9834-CB87D2EE5C0A} = {02EA681E-C7D8-13C7-8484-4AC65E1B71E8}
		{B7A728EC-E80E-436A-9569-5F1847F6A844} = {02EA681E-C7D8-13C7-8484-4AC65E1B71E8}
		{3BC8A5B4-6E44-42AA-973C-4AA8C0D0A95B} = {DB6782F6-DC06-4162-B2FC-E17F5A4FF280}
		{EDB779AC-551E-434A-9B89-14D6800FA18B} = {DB6782F6-DC06-4162-B2FC-E17F5A4FF280}
		{1DB9C081-1F2A-4A66-99E1-7BA90FE9F27B} = {DB6782F6-DC06-4162-B2FC-E17F5A4FF280}
		{15691482-0FF3-44B0-934E-3A3141D65E5E} = {761D15F1-38C4-41E2-AA52-DD6DC86DE3CE}
		{D6E01D9F-43E6-4EE2-9BC3-6BD6380FF672} = {761D15F1-38C4-41E2-AA52-DD6DC86DE3CE}
	EndGlobalSection
	GlobalSection(ExtensibilityGlobals) = postSolution
		SolutionGuid = {FBCEEA6A-C9A3-492A-8CED-A48216C39ED4}
	EndGlobalSection
EndGlobal
